{
  "nodes": {
    "blobs": {
      "flake": false,
      "locked": {
        "lastModified": 1604995301,
        "narHash": "sha256-wcLzgLec6SGJA8fx1OEN1yV/Py5b+U5iyYpksUY/yLw=",
        "owner": "simple-nixos-mailserver",
        "repo": "blobs",
        "rev": "2cccdf1ca48316f2cfd1c9a0017e8de5a7156265",
        "type": "gitlab"
      },
      "original": {
        "owner": "simple-nixos-mailserver",
        "repo": "blobs",
        "type": "gitlab"
      }
    },
    "civ6": {
      "inputs": {
        "flake-utils": "flake-utils",
        "nixpkgs": [
          "nixpkgs"
        ]
      },
      "locked": {
        "lastModified": 1783877602,
        "narHash": "sha256-IplAFxwDwlppigJ4H+LWaXb1LpQIZtDezEOsKmUzuhw=",
        "owner": "selimbucher",
        "repo": "civ6.ch",
        "rev": "67e7a7444168fa6f2a3c7d8f86b2b5ffbce13be4",
        "type": "github"
      },
      "original": {
        "owner": "selimbucher",
        "repo": "civ6.ch",
        "type": "github"
      }
    },
    "cloud-drive": {
      "inputs": {
        "nixpkgs": [
          "nixpkgs"
        ]
      },
      "locked": {
        "lastModified": 1785330201,
        "narHash": "sha256-lhqlG/9yV/AYF51doByNKoeQf73ueP7jXHy3CzQ2YWw=",
        "ref": "refs/heads/main",
        "rev": "735e1c17bfb7d3d3b7065577a735971b7b04a1e4",
        "revCount": 2,
        "type": "git",
        "url": "ssh://git@github.com/selimbucher/cloud-drive.git"
      },
      "original": {
        "type": "git",
        "url": "ssh://git@github.com/selimbucher/cloud-drive.git"
      }
    },
    "disko": {
      "inputs": {
        "nixpkgs": [
          "nixpkgs"
        ]
      },
      "locked": {
        "lastModified": 1781152676,
        "narHash": "sha256-RxWs5ND31KzTG7wvMM+PMfUjyNpmIEr999lqNARaM5o=",
        "owner": "nix-community",
        "repo": "disko",
        "rev": "ff8702b4de27f72b4c78573dfb89ec74e36abdf1",
        "type": "github"
      },
      "original": {
        "owner": "nix-community",
        "repo": "disko",
        "type": "github"
      }
    },
    "flake-compat": {
      "flake": false,
      "locked": {
        "lastModified": 1767039857,
        "narHash": "sha256-vNpUSpF5Nuw8xvDLj2KCwwksIbjua2LZCqhV1LNRDns=",
        "owner": "NixOS",
        "repo": "flake-compat",
        "rev": "5edf11c44bc78a0d334f6334cdaf7d60d732daab",
        "type": "github"
      },
      "original": {
        "owner": "NixOS",
        "repo": "flake-compat",
        "type": "github"
      }
    },
    "flake-compat_2": {
      "flake": false,
      "locked": {
        "lastModified": 1747046372,
        "narHash": "sha256-CIVLLkVgvHYbgI2UpXvIIBJ12HWgX+fjA8Xf8PUmqCY=",
        "owner": "edolstra",
        "repo": "flake-compat",
        "rev": "9100a0f413b0c601e0533d1d94ffd501ce2e7885",
        "type": "github"
      },
      "original": {
        "owner": "edolstra",
        "repo": "flake-compat",
        "type": "github"
      }
    },
    "flake-utils": {
      "inputs": {
        "systems": "systems"
      },
      "locked": {
        "lastModified": 1731533236,
        "narHash": "sha256-l0KFg5HjrsfsO/JpG+r7fRrqm12kzFHyUHqHCVpMMbI=",
        "owner": "numtide",
        "repo": "flake-utils",
        "rev": "11707dc2f618dd54ca8739b309ec4fc024de578b",
        "type": "github"
      },
      "original": {
        "owner": "numtide",
        "repo": "flake-utils",
        "type": "github"
      }
    },
    "git-hooks": {
      "inputs": {
        "flake-compat": [
          "mailserver",
          "simple-nixos-mailserver",
          "flake-compat"
        ],
        "nixpkgs": [
          "mailserver",
          "simple-nixos-mailserver",
          "nixpkgs"
        ]
      },
      "locked": {
        "lastModified": 1787424939,
        "narHash": "sha256-O2tBn84NNuHrnqNVxx/XqsXwfYvS1YwBh+7CBnbCYsk=",
        "owner": "cachix",
        "repo": "git-hooks.nix",
        "rev": "809414f0cdadf82cf11b06c2b29ba9b3168b3297",
        "type": "github"
      },
      "original": {
        "owner": "cachix",
        "repo": "git-hooks.nix",
        "type": "github"
      }
    },
    "life-system": {
      "inputs": {
        "nixpkgs": [
          "nixpkgs"
        ]
      },
      "locked": {
        "lastModified": 1784841849,
        "narHash": "sha256-OjYJtq2uLcTEjYkKesRlX+B4txxQi4jgLdozE8wLdLA=",
        "ref": "refs/heads/main",
        "rev": "9b6a7b54c9166e91faa64ed80d8aa282252bf99a",
        "revCount": 339,
        "type": "git",
        "url": "ssh://git@github.com/selimbucher/life-system.git"
      },
      "original": {
        "type": "git",
        "url": "ssh://git@github.com/selimbucher/life-system.git"
      }
    },
    "mail-logos": {
      "inputs": {
        "nixpkgs": [
          "nixpkgs"
        ]
      },
      "locked": {
        "lastModified": 1789615514,
        "narHash": "sha256-t0Xb35TlXwlO6Gj7lMTgU+L1e2WJ2uHdLlLoPpfrbm0=",
        "owner": "selimbucher",
        "repo": "mail-logos",
        "rev": "c78bd358f6fd542bbdaa8292fe9aad9814c4c0a7",
        "type": "github"
      },
      "original": {
        "owner": "selimbucher",
        "repo": "mail-logos",
        "type": "github"
      }
    },
    "mailserver": {
      "inputs": {
        "nixpkgs": [
          "nixpkgs"
        ],
        "simple-nixos-mailserver": "simple-nixos-mailserver"
      },
      "locked": {
        "lastModified": 1782341933,
        "narHash": "sha256-ppOLf18fh95ib7X7WrajlAa4841KyUWiI0C1i/YzZ9A=",
        "owner": "selimbucher",
        "repo": "mailserver",
        "rev": "801b9cceead066ac789c8985087c0073046a1de6",
        "type": "github"
      },
      "original": {
        "owner": "selimbucher",
        "repo": "mailserver",
        "type": "github"
      }
    },
    "music-sync": {
      "inputs": {
        "nixpkgs": [
          "nixpkgs"
        ]
      },
      "locked": {
        "lastModified": 1790148903,
        "narHash": "sha256-4wiH7CO11Ce3Ds3wZkgveZByt7B4yFMl2RHv9sJOFe4=",
        "owner": "selimbucher",
        "repo": "music-sync",
        "rev": "a6c094bf06bcdbe7e1df7e2a4a93b87f8ff8240f",
        "type": "github"
      },
      "original": {
        "owner": "selimbucher",
        "repo": "music-sync",
        "type": "github"
      }
    },
    "nix-minecraft": {
      "inputs": {
        "flake-compat": "flake-compat_2",
        "nixpkgs": [
          "nixpkgs"
        ],
        "systems": "systems_2"
      },
      "locked": {
        "lastModified": 1790310854,
        "narHash": "sha256-QuU33Sw5IjLKKq8xitpNSHnOUTgjTG9ZQdqOdIRz4F8=",
        "owner": "Infinidoge",
        "repo": "nix-minecraft",
        "rev": "8945905e42ce06b68464fcd7614937bb382a95f2",
        "type": "github"
      },
      "original": {
        "owner": "Infinidoge",
        "repo": "nix-minecraft",
        "type": "github"
      }
    },
    "nixpkgs": {
      "locked": {
        "lastModified": 1789546076,
        "narHash": "sha256-zVxLZiSnmaaPLwnhj7pwmqe3axBg/C6nG5JZsJMh2g4=",
        "owner": "NixOS",
        "repo": "nixpkgs",
        "rev": "b1b875982b17dabde9b4a37f3e229e74913e6db3",
        "type": "github"
      },
      "original": {
        "owner": "NixOS",
        "ref": "nixos-unstable",
        "repo": "nixpkgs",
        "type": "github"
      }
    },
    "root": {
      "inputs": {
        "civ6": "civ6",
        "cloud-drive": "cloud-drive",
        "disko": "disko",
        "life-system": "life-system",
        "mail-logos": "mail-logos",
        "mailserver": "mailserver",
        "music-sync": "music-sync",
        "nix-minecraft": "nix-minecraft",
        "nixpkgs": "nixpkgs"
      }
    },
    "simple-nixos-mailserver": {
      "inputs": {
        "blobs": "blobs",
        "flake-compat": "flake-compat",
        "git-hooks": "git-hooks",
        "nixpkgs": [
          "mailserver",
          "nixpkgs"
        ]
      },
      "locked": {
        "lastModified": 1787963050,
        "narHash": "sha256-yt4H/X9CU2iaLl2NJ/MBycQs7Jl0tbJP5uuDdGWiPGg=",
        "owner": "simple-nixos-mailserver",
        "repo": "nixos-mailserver",
        "rev": "27b3c74d96351b770ec8216430d5d947290917e9",
        "type": "gitlab"
      },
      "original": {
        "owner": "simple-nixos-mailserver",
        "repo": "nixos-mailserver",
        "type": "gitlab"
      }
    },
    "systems": {
      "locked": {
        "lastModified": 1681028828,
        "narHash": "sha256-Vy1rq5AaRuLzOxct8nz4T6wlgyUR7zLU309k9mBC768=",
        "owner": "nix-systems",
        "repo": "default",
        "rev": "da67096a3b9bf56a91d16901293e51ba5b49a27e",
        "type": "github"
      },
      "original": {
        "owner": "nix-systems",
        "repo": "default",
        "type": "github"
      }
    },
    "systems_2": {
      "locked": {
        "lastModified": 1681028828,
        "narHash": "sha256-Vy1rq5AaRuLzOxct8nz4T6wlgyUR7zLU309k9mBC768=",
        "owner": "nix-systems",
        "repo": "default",
        "rev": "da67096a3b9bf56a91d16901293e51ba5b49a27e",
        "type": "github"
      },
      "original": {
        "owner": "nix-systems",
        "repo": "default",
        "type": "github"
      }
    }
  },
  "root": "root",
  "version": 7
}
